{
  "name": "gatsby-source-cloudinary",
  "version": "0.1.7",
  "lockfileVersion": 1,
  "requires": true,
  "dependencies": {
    "cloudinary": {
      "version": "1.15.0",
      "resolved": "https://registry.npmjs.org/cloudinary/-/cloudinary-1.15.0.tgz",
      "integrity": "sha512-31E7i7BOVOPfr1uLJhmuK2ZnBvlNv5+/RXmcfUn06kao03aSWDwQ4AuybQiem90jTwMXf2QX3L1f0RVkCbdQ7w==",
      "requires": {
        "lodash": "^4.17.11",
        "q": "^1.5.1"
      }
    },
    "lodash": {
      "version": "4.17.15",
      "resolved": "https://registry.npmjs.org/lodash/-/lodash-4.17.15.tgz",
      "integrity": "sha512-8xOcRHvCjnocdS5cpwXQXVzmmh5e5+saE2QGoeQmbKmRS6J3VQppPOIt0MnmE+4xlZoumy0GPG0D0MVIQbNA1A=="
    },
    "q": {
      "version": "1.5.1",
      "resolved": "https://registry.npmjs.org/q/-/q-1.5.1.tgz",
      "integrity": "sha1-fjL3W0E4EpHQRhHxvxQQmsAGUdc="
    }
  }
}
